schema: '2.0'
stages:
  prepare:
    cmd: python mlops_imdb/data/prepare.py
    deps:
    - path: data/raw/imdb_test.csv
      hash: md5
      md5: 0b6a6e22790570c21fc32211b41578c3
      size: 32540147
    - path: data/raw/imdb_train.csv
      hash: md5
      md5: dc4c040dd7f3bfb42a279cb1f73725d5
      size: 33322167
    - path: mlops_imdb/data/prepare.py
      hash: md5
      md5: b31960536d19dc776da4838f0d64e392
      size: 4581
    params:
      params.yaml:
        data:
          raw:
            train: data/raw/imdb_train.csv
            test: data/raw/imdb_test.csv
          processed:
            train: data/processed/imdb_train_clean.csv
            test: data/processed/imdb_test_clean.csv
          split_info: data/split_info.json
          schema:
            text_col: text
            label_col: label
            label_domain:
            - 0
            - 1
          split:
            strategy: fixed_from_split_info
            train_ratio: 0.5
        preprocessing:
          lowercase: true
          remove_html_tags: true
          normalize_whitespace: true
        random_seed: 42
    outs:
    - path: data/processed/imdb_test_clean.csv
      hash: md5
      md5: 5d0e8e3b8155ad7156fce9c9a496e544
      size: 31980226
    - path: data/processed/imdb_train_clean.csv
      hash: md5
      md5: 569148bf4dbc190c707a8798b0c27b85
      size: 32751855
  features:
    cmd: python mlops_imdb/features/build_features.py
    deps:
    - path: data/processed/imdb_test_clean.csv
      hash: md5
      md5: 5d0e8e3b8155ad7156fce9c9a496e544
      size: 31980226
    - path: data/processed/imdb_train_clean.csv
      hash: md5
      md5: 569148bf4dbc190c707a8798b0c27b85
      size: 32751855
    - path: mlops_imdb/features/build_features.py
      hash: md5
      md5: 04914a97a59a5bf5496c4fdfde8ff1de
      size: 3318
    params:
      params.yaml:
        features:
          vectorizer: tfidf
          tfidf:
            max_features: 10000
            ngram_range:
            - 1
            - 2
            min_df: 2
            max_df: 0.95
          outputs:
            train_features: data/processed/imdb_train_features.npz
            test_features: data/processed/imdb_test_features.npz
            vectorizer_path: models/tfidf_vectorizer.pkl
    outs:
    - path: data/processed/imdb_test_features.npz
      hash: md5
      md5: 5e9417335434ba898f76a5317efcb194
      size: 40236072
    - path: data/processed/imdb_train_features.npz
      hash: md5
      md5: 96f09491c55b9317884ebd484a44ce06
      size: 42015528
    - path: models/tfidf_vectorizer.pkl
      hash: md5
      md5: cee7e8b181ed9a640971938c9bff2b62
      size: 377522
  train:
    cmd: python mlops_imdb/modeling/train.py
    deps:
    - path: data/processed/imdb_train_features.npz
      hash: md5
      md5: 96f09491c55b9317884ebd484a44ce06
      size: 42015528
    - path: mlops_imdb/modeling/train.py
      hash: md5
      md5: 0ce55c548eec9b2d669803e8bb878f32
      size: 3836
    params:
      params.yaml:
        train:
          model_type: logistic_regression
          logreg:
            max_iter: 1000
            random_state: 42
          outputs:
            model_path: models/model.pkl
    outs:
    - path: models/model.pkl
      hash: md5
      md5: 91d519d504b11a7cb3629b99ecff0f84
      size: 80891
  eval:
    cmd: python mlops_imdb/modeling/eval.py
    deps:
    - path: data/processed/imdb_test_features.npz
      hash: md5
      md5: 5e9417335434ba898f76a5317efcb194
      size: 40236072
    - path: mlops_imdb/modeling/eval.py
      hash: md5
      md5: 55546809a8ba35f06132c55c530e9add
      size: 5644
    - path: models/model.pkl
      hash: md5
      md5: 91d519d504b11a7cb3629b99ecff0f84
      size: 80891
    params:
      params.yaml:
        eval:
          metrics:
          - accuracy
          - precision
          - recall
          - f1
          outputs:
            metrics_json: reports/metrics.json
            confusion_matrix_png: reports/figures/baseline_confusion_matrix.png
    outs:
    - path: reports/metrics.json
      hash: md5
      md5: 13a10b5e770b76286317f279b0350f8f
      size: 394
